# THIS IS AN AUTOGENERATED FILE. DO NOT EDIT THIS FILE DIRECTLY.
# yarn lockfile v1


node-wav-player@^0.2.0:
  version "0.2.0"
  resolved "https://registry.yarnpkg.com/node-wav-player/-/node-wav-player-0.2.0.tgz#d851e1eb529495905c4c00f9721dcb07d27d58c2"
  integrity sha512-prtXKnjex7XciravRUC39Z+h1dBDxOwCc3TLvjqk+9Yi8dbH0T6c0Cb6u7lNAEe/8J3lX7JWFXXeBgO2krMX1Q==
